
Microsoft Visual Studio Solution File, Format Version 12.00
# Visual Studio 15
VisualStudioVersion = 15.0.26730.12
MinimumVisualStudioVersion = 10.0.40219.1
Project("{FAE04EC0-301F-11D3-BF4B-00C04F79EFBC}") = "LOTWQSL", "LOTWQSL.csproj", "{A81B731B-8F64-4C02-9FEC-7256CADBD4F7}"
EndProject
Global
	GlobalSection(SolutionConfigurationPlatforms) = preSolution
		Debug|Any CPU = Debug|Any CPU
		Release|Any CPU = Release|Any CPU
	EndGlobalSection
	GlobalSection(ProjectConfigurationPlatforms) = postSolution
		{A81B731B-8F64-4C02-9FEC-7256CADBD4F7}.Debug|Any CPU.ActiveCfg = Debug|Any CPU
		{A81B731B-8F64-4C02-9FEC-7256CADBD4F7}.Debug|Any CPU.Build.0 = Debug|Any CPU
		{A81B731B-8F64-4C02-9FEC-7256CADBD4F7}.Release|Any CPU.ActiveCfg = Release|Any CPU
		{A81B731B-8F64-4C02-9FEC-7256CADBD4F7}.Release|Any CPU.Build.0 = Release|Any CPU
	EndGlobalSection
	GlobalSection(SolutionProperties) = preSolution
		HideSolutionNode = FALSE
	EndGlobalSection
	GlobalSection(ExtensibilityGlobals) = postSolution
		SolutionGuid = {3E9144E0-B967-466E-AC2A-37FE5D325B86}
	EndGlobalSection
EndGlobal
